
Microsoft Visual Studio Solution File, Format Version 12.00
# Visual Studio Version 16
VisualStudioVersion = 16.0.32630.194
MinimumVisualStudioVersion = 10.0.40219.1
Project("{FAE04EC0-301F-11D3-BF4B-00C04F79EFBC}") = "ManBTarjetas", "ManBTarjetas\ManBTarjetas.csproj", "{1A272C65-98F5-481E-BACE-F29382783818}"
EndProject
Global
	GlobalSection(SolutionConfigurationPlatforms) = preSolution
		Debug|Any CPU = Debug|Any CPU
		Release|Any CPU = Release|Any CPU
	EndGlobalSection
	GlobalSection(ProjectConfigurationPlatforms) = postSolution
		{1A272C65-98F5-481E-BACE-F29382783818}.Debug|Any CPU.ActiveCfg = Debug|Any CPU
		{1A272C65-98F5-481E-BACE-F29382783818}.Debug|Any CPU.Build.0 = Debug|Any CPU
		{1A272C65-98F5-481E-BACE-F29382783818}.Release|Any CPU.ActiveCfg = Release|Any CPU
		{1A272C65-98F5-481E-BACE-F29382783818}.Release|Any CPU.Build.0 = Release|Any CPU
	EndGlobalSection
	GlobalSection(SolutionProperties) = preSolution
		HideSolutionNode = FALSE
	EndGlobalSection
	GlobalSection(ExtensibilityGlobals) = postSolution
		SolutionGuid = {E375779B-D4E3-49FC-8630-2136B9C3760B}
	EndGlobalSection
EndGlobal
